Microsoft Visual Studio Solution File, Format Version 12.00
# Visual Studio 15
VisualStudioVersion = 15.0.27004.2002
MinimumVisualStudioVersion = 15.0.26124.0
Project("{2150E333-8FDC-42A3-9474-1A3956D46DE8}") = "Solution Items", "Solution Items", "{321C2263-7A16-475B-A84F-F961D3BB0575}"
	ProjectSection(SolutionItems) = preProject
		.editorconfig = .editorconfig
		.gitattributes = .gitattributes
		.gitignore = .gitignore
		.gitmodules = .gitmodules
		Directory.Build.props = Directory.Build.props
		Directory.Build.targets = Directory.Build.targets
		LICENSE = LICENSE
		README.md = README.md
		TrainzUtil-Path.cmd = TrainzUtil-Path.cmd
	EndProjectSection
EndProject
Project("{2150E333-8FDC-42A3-9474-1A3956D46DE8}") = "ref", "ref", "{2B2739E8-53B1-4E79-94EA-8C9A46F8EB35}"
EndProject
Project("{2150E333-8FDC-42A3-9474-1A3956D46DE8}") = "TS12", "TS12", "{5A6FE0DB-CA4A-428E-A1AB-7314FB7837D6}"
	ProjectSection(SolutionItems) = preProject
		ref\TS12\TrainzUtil GameScript Documentation.txt = ref\TS12\TrainzUtil GameScript Documentation.txt
	EndProjectSection
EndProject
Project("{2150E333-8FDC-42A3-9474-1A3956D46DE8}") = "src", "src", "{D64D7F11-E1EF-417B-9C22-924F089D8B23}"
EndProject
Project("{9A19103F-16F7-4668-BE54-9A1E7A4F7556}") = "THNETII.AuranGameScript.VsLanguage", "src\THNETII.AuranGameScript.VsLanguage\THNETII.AuranGameScript.VsLanguage.csproj", "{6107D70F-5377-4CDE-95A9-10FFEF3E420A}"
EndProject
Project("{FAE04EC0-301F-11D3-BF4B-00C04F79EFBC}") = "THNETII.AuranGameScript.Vs15", "src\THNETII.AuranGameScript.Vs15\THNETII.AuranGameScript.Vs15.csproj", "{919F8057-219D-4214-AFCB-A06A89885FFF}"
EndProject
Project("{9A19103F-16F7-4668-BE54-9A1E7A4F7556}") = "THNETII.AuranGameScript.Vs15Core", "src\THNETII.AuranGameScript.Vs15\THNETII.AuranGameScript.Vs15Core.csproj", "{41DAE737-7071-41CB-9D2A-5346D9C952EC}"
EndProject
Global
	GlobalSection(SolutionConfigurationPlatforms) = preSolution
		Debug|Any CPU = Debug|Any CPU
		Debug|x64 = Debug|x64
		Debug|x86 = Debug|x86
		Release|Any CPU = Release|Any CPU
		Release|x64 = Release|x64
		Release|x86 = Release|x86
	EndGlobalSection
	GlobalSection(ProjectConfigurationPlatforms) = postSolution
		{6107D70F-5377-4CDE-95A9-10FFEF3E420A}.Debug|Any CPU.ActiveCfg = Debug|Any CPU
		{6107D70F-5377-4CDE-95A9-10FFEF3E420A}.Debug|Any CPU.Build.0 = Debug|Any CPU
		{6107D70F-5377-4CDE-95A9-10FFEF3E420A}.Debug|x64.ActiveCfg = Debug|Any CPU
		{6107D70F-5377-4CDE-95A9-10FFEF3E420A}.Debug|x64.Build.0 = Debug|Any CPU
		{6107D70F-5377-4CDE-95A9-10FFEF3E420A}.Debug|x86.ActiveCfg = Debug|Any CPU
		{6107D70F-5377-4CDE-95A9-10FFEF3E420A}.Debug|x86.Build.0 = Debug|Any CPU
		{6107D70F-5377-4CDE-95A9-10FFEF3E420A}.Release|Any CPU.ActiveCfg = Release|Any CPU
		{6107D70F-5377-4CDE-95A9-10FFEF3E420A}.Release|Any CPU.Build.0 = Release|Any CPU
		{6107D70F-5377-4CDE-95A9-10FFEF3E420A}.Release|x64.ActiveCfg = Release|Any CPU
		{6107D70F-5377-4CDE-95A9-10FFEF3E420A}.Release|x64.Build.0 = Release|Any CPU
		{6107D70F-5377-4CDE-95A9-10FFEF3E420A}.Release|x86.ActiveCfg = Release|Any CPU
		{6107D70F-5377-4CDE-95A9-10FFEF3E420A}.Release|x86.Build.0 = Release|Any CPU
		{919F8057-219D-4214-AFCB-A06A89885FFF}.Debug|Any CPU.ActiveCfg = Debug|Any CPU
		{919F8057-219D-4214-AFCB-A06A89885FFF}.Debug|Any CPU.Build.0 = Debug|Any CPU
		{919F8057-219D-4214-AFCB-A06A89885FFF}.Debug|x64.ActiveCfg = Debug|Any CPU
		{919F8057-219D-4214-AFCB-A06A89885FFF}.Debug|x64.Build.0 = Debug|Any CPU
		{919F8057-219D-4214-AFCB-A06A89885FFF}.Debug|x86.ActiveCfg = Debug|Any CPU
		{919F8057-219D-4214-AFCB-A06A89885FFF}.Debug|x86.Build.0 = Debug|Any CPU
		{919F8057-219D-4214-AFCB-A06A89885FFF}.Release|Any CPU.ActiveCfg = Release|Any CPU
		{919F8057-219D-4214-AFCB-A06A89885FFF}.Release|Any CPU.Build.0 = Release|Any CPU
		{919F8057-219D-4214-AFCB-A06A89885FFF}.Release|x64.ActiveCfg = Release|Any CPU
		{919F8057-219D-4214-AFCB-A06A89885FFF}.Release|x64.Build.0 = Release|Any CPU
		{919F8057-219D-4214-AFCB-A06A89885FFF}.Release|x86.ActiveCfg = Release|Any CPU
		{919F8057-219D-4214-AFCB-A06A89885FFF}.Release|x86.Build.0 = Release|Any CPU
		{41DAE737-7071-41CB-9D2A-5346D9C952EC}.Debug|Any CPU.ActiveCfg = Debug|Any CPU
		{41DAE737-7071-41CB-9D2A-5346D9C952EC}.Debug|Any CPU.Build.0 = Debug|Any CPU
		{41DAE737-7071-41CB-9D2A-5346D9C952EC}.Debug|x64.ActiveCfg = Debug|Any CPU
		{41DAE737-7071-41CB-9D2A-5346D9C952EC}.Debug|x64.Build.0 = Debug|Any CPU
		{41DAE737-7071-41CB-9D2A-5346D9C952EC}.Debug|x86.ActiveCfg = Debug|Any CPU
		{41DAE737-7071-41CB-9D2A-5346D9C952EC}.Debug|x86.Build.0 = Debug|Any CPU
		{41DAE737-7071-41CB-9D2A-5346D9C952EC}.Release|Any CPU.ActiveCfg = Release|Any CPU
		{41DAE737-7071-41CB-9D2A-5346D9C952EC}.Release|Any CPU.Build.0 = Release|Any CPU
		{41DAE737-7071-41CB-9D2A-5346D9C952EC}.Release|x64.ActiveCfg = Release|Any CPU
		{41DAE737-7071-41CB-9D2A-5346D9C952EC}.Release|x64.Build.0 = Release|Any CPU
		{41DAE737-7071-41CB-9D2A-5346D9C952EC}.Release|x86.ActiveCfg = Release|Any CPU
		{41DAE737-7071-41CB-9D2A-5346D9C952EC}.Release|x86.Build.0 = Release|Any CPU
	EndGlobalSection
	GlobalSection(SolutionProperties) = preSolution
		HideSolutionNode = FALSE
	EndGlobalSection
	GlobalSection(NestedProjects) = preSolution
		{5A6FE0DB-CA4A-428E-A1AB-7314FB7837D6} = {2B2739E8-53B1-4E79-94EA-8C9A46F8EB35}
		{6107D70F-5377-4CDE-95A9-10FFEF3E420A} = {D64D7F11-E1EF-417B-9C22-924F089D8B23}
		{919F8057-219D-4214-AFCB-A06A89885FFF} = {D64D7F11-E1EF-417B-9C22-924F089D8B23}
		{41DAE737-7071-41CB-9D2A-5346D9C952EC} = {D64D7F11-E1EF-417B-9C22-924F089D8B23}
	EndGlobalSection
	GlobalSection(ExtensibilityGlobals) = postSolution
		SolutionGuid = {44F8D1CC-0103-408C-8197-3117879E52F9}
	EndGlobalSection
EndGlobal
